// !$*UTF8*$!
{
	archiveVersion = 1;
	classes = {
	};
	objectVersion = 46;
	objects = {

/* Begin PBXBuildFile section */
		362EBCCB1B643EBD00A1320B /* AppDelegate.swift in Sources */ = {isa = PBXBuildFile; fileRef = 362EBCCA1B643EBD00A1320B /* AppDelegate.swift */; };
		362EBCD01B643EBD00A1320B /* Main.storyboard in Resources */ = {isa = PBXBuildFile; fileRef = 362EBCCE1B643EBD00A1320B /* Main.storyboard */; };
		362EBCD21B643EBD00A1320B /* Images.xcassets in Resources */ = {isa = PBXBuildFile; fileRef = 362EBCD11B643EBD00A1320B /* Images.xcassets */; };
		362EBCD51B643EBD00A1320B /* LaunchScreen.xib in Resources */ = {isa = PBXBuildFile; fileRef = 362EBCD31B643EBD00A1320B /* LaunchScreen.xib */; };
		362EBCE11B643EBD00A1320B /* Virtual_TouristTests.swift in Sources */ = {isa = PBXBuildFile; fileRef = 362EBCE01B643EBD00A1320B /* Virtual_TouristTests.swift */; };
		362EBCEB1B643EDB00A1320B /* CoreDataStackManager.swift in Sources */ = {isa = PBXBuildFile; fileRef = 362EBCEA1B643EDB00A1320B /* CoreDataStackManager.swift */; };
		362EBCED1B66616000A1320B /* TravelLocationsMapView.swift in Sources */ = {isa = PBXBuildFile; fileRef = 362EBCEC1B66616000A1320B /* TravelLocationsMapView.swift */; };
/* End PBXBuildFile section */

/* Begin PBXContainerItemProxy section */
		362EBCDB1B643EBD00A1320B /* PBXContainerItemProxy */ = {
			isa = PBXContainerItemProxy;
			containerPortal = 362EBCBD1B643EBD00A1320B /* Project object */;
			proxyType = 1;
			remoteGlobalIDString = 362EBCC41B643EBD00A1320B;
			remoteInfo = "Virtual Tourist";
		};
/* End PBXContainerItemProxy section */

/* Begin PBXFileReference section */
		362EBCC51B643EBD00A1320B /* Virtual Tourist.app */ = {isa = PBXFileReference; explicitFileType = wrapper.application; includeInIndex = 0; path = "Virtual Tourist.app"; sourceTree = BUILT_PRODUCTS_DIR; };
		362EBCC91B643EBD00A1320B /* Info.plist */ = {isa = PBXFileReference; lastKnownFileType = text.plist.xml; path = Info.plist; sourceTree = "<group>"; };
		362EBCCA1B643EBD00A1320B /* AppDelegate.swift */ = {isa = PBXFileReference; lastKnownFileType = sourcecode.swift; path = AppDelegate.swift; sourceTree = "<group>"; };
		362EBCCF1B643EBD00A1320B /* Base */ = {isa = PBXFileReference; lastKnownFileType = file.storyboard; name = Base; path = Base.lproj/Main.storyboard; sourceTree = "<group>"; };
		362EBCD11B643EBD00A1320B /* Images.xcassets */ = {isa = PBXFileReference; lastKnownFileType = folder.assetcatalog; path = Images.xcassets; sourceTree = "<group>"; };
		362EBCD41B643EBD00A1320B /* Base */ = {isa = PBXFileReference; lastKnownFileType = file.xib; name = Base; path = Base.lproj/LaunchScreen.xib; sourceTree = "<group>"; };
		362EBCDA1B643EBD00A1320B /* Virtual TouristTests.xctest */ = {isa = PBXFileReference; explicitFileType = wrapper.cfbundle; includeInIndex = 0; path = "Virtual TouristTests.xctest"; sourceTree = BUILT_PRODUCTS_DIR; };
		362EBCDF1B643EBD00A1320B /* Info.plist */ = {isa = PBXFileReference; lastKnownFileType = text.plist.xml; path = Info.plist; sourceTree = "<group>"; };
		362EBCE01B643EBD00A1320B /* Virtual_TouristTests.swift */ = {isa = PBXFileReference; lastKnownFileType = sourcecode.swift; path = Virtual_TouristTests.swift; sourceTree = "<group>"; };
		362EBCEA1B643EDB00A1320B /* CoreDataStackManager.swift */ = {isa = PBXFileReference; fileEncoding = 4; lastKnownFileType = sourcecode.swift; path = CoreDataStackManager.swift; sourceTree = "<group>"; };
		362EBCEC1B66616000A1320B /* TravelLocationsMapView.swift */ = {isa = PBXFileReference; fileEncoding = 4; lastKnownFileType = sourcecode.swift; path = TravelLocationsMapView.swift; sourceTree = "<group>"; };
/* End PBXFileReference section */

/* Begin PBXFrameworksBuildPhase section */
		362EBCC21B643EBD00A1320B /* Frameworks */ = {
			isa = PBXFrameworksBuildPhase;
			buildActionMask = 2147483647;
			files = (
			);
			runOnlyForDeploymentPostprocessing = 0;
		};
		362EBCD71B643EBD00A1320B /* Frameworks */ = {
			isa = PBXFrameworksBuildPhase;
			buildActionMask = 2147483647;
			files = (
			);
			runOnlyForDeploymentPostprocessing = 0;
		};
/* End PBXFrameworksBuildPhase section */

/* Begin PBXGroup section */
		362EBCBC1B643EBD00A1320B = {
			isa = PBXGroup;
			children = (
				362EBCC71B643EBD00A1320B /* Virtual Tourist */,
				362EBCDD1B643EBD00A1320B /* Virtual TouristTests */,
				362EBCC61B643EBD00A1320B /* Products */,
			);
			sourceTree = "<group>";
		};
		362EBCC61B643EBD00A1320B /* Products */ = {
			isa = PBXGroup;
			children = (
				362EBCC51B643EBD00A1320B /* Virtual Tourist.app */,
				362EBCDA1B643EBD00A1320B /* Virtual TouristTests.xctest */,
			);
			name = Products;
			sourceTree = "<group>";
		};
		362EBCC71B643EBD00A1320B /* Virtual Tourist */ = {
			isa = PBXGroup;
			children = (
				362EBCCA1B643EBD00A1320B /* AppDelegate.swift */,
				362EBCF21B66971800A1320B /* Model */,
				362EBCEF1B66618B00A1320B /* View */,
				362EBCEE1B66617B00A1320B /* Controller */,
				362EBCD11B643EBD00A1320B /* Images.xcassets */,
				362EBCD31B643EBD00A1320B /* LaunchScreen.xib */,
				362EBCC81B643EBD00A1320B /* Supporting Files */,
			);
			path = "Virtual Tourist";
			sourceTree = "<group>";
		};
		362EBCC81B643EBD00A1320B /* Supporting Files */ = {
			isa = PBXGroup;
			children = (
				362EBCC91B643EBD00A1320B /* Info.plist */,
			);
			name = "Supporting Files";
			sourceTree = "<group>";
		};
		362EBCDD1B643EBD00A1320B /* Virtual TouristTests */ = {
			isa = PBXGroup;
			children = (
				362EBCE01B643EBD00A1320B /* Virtual_TouristTests.swift */,
				362EBCDE1B643EBD00A1320B /* Supporting Files */,
			);
			path = "Virtual TouristTests";
			sourceTree = "<group>";
		};
		362EBCDE1B643EBD00A1320B /* Supporting Files */ = {
			isa = PBXGroup;
			children = (
				362EBCDF1B643EBD00A1320B /* Info.plist */,
			);
			name = "Supporting Files";
			sourceTree = "<group>";
		};
		362EBCEE1B66617B00A1320B /* Controller */ = {
			isa = PBXGroup;
			children = (
				362EBCEC1B66616000A1320B /* TravelLocationsMapView.swift */,
			);
			name = Controller;
			sourceTree = "<group>";
		};
		362EBCEF1B66618B00A1320B /* View */ = {
			isa = PBXGroup;
			children = (
				362EBCCE1B643EBD00A1320B /* Main.storyboard */,
			);
			name = View;
			sourceTree = "<group>";
		};
		362EBCF21B66971800A1320B /* Model */ = {
			isa = PBXGroup;
			children = (
				362EBCEA1B643EDB00A1320B /* CoreDataStackManager.swift */,
			);
			name = Model;
			sourceTree = "<group>";
		};
/* End PBXGroup section */

/* Begin PBXNativeTarget section */
		362EBCC41B643EBD00A1320B /* Virtual Tourist */ = {
			isa = PBXNativeTarget;
			buildConfigurationList = 362EBCE41B643EBD00A1320B /* Build configuration list for PBXNativeTarget "Virtual Tourist" */;
			buildPhases = (
				362EBCC11B643EBD00A1320B /* Sources */,
				362EBCC21B643EBD00A1320B /* Frameworks */,
				362EBCC31B643EBD00A1320B /* Resources */,
			);
			buildRules = (
			);
			dependencies = (
			);
			name = "Virtual Tourist";
			productName = "Virtual Tourist";
			productReference = 362EBCC51B643EBD00A1320B /* Virtual Tourist.app */;
			productType = "com.apple.product-type.application";
		};
		362EBCD91B643EBD00A1320B /* Virtual TouristTests */ = {
			isa = PBXNativeTarget;
			buildConfigurationList = 362EBCE71B643EBD00A1320B /* Build configuration list for PBXNativeTarget "Virtual TouristTests" */;
			buildPhases = (
				362EBCD61B643EBD00A1320B /* Sources */,
				362EBCD71B643EBD00A1320B /* Frameworks */,
				362EBCD81B643EBD00A1320B /* Resources */,
			);
			buildRules = (
			);
			dependencies = (
				362EBCDC1B643EBD00A1320B /* PBXTargetDependency */,
			);
			name = "Virtual TouristTests";
			productName = "Virtual TouristTests";
			productReference = 362EBCDA1B643EBD00A1320B /* Virtual TouristTests.xctest */;
			productType = "com.apple.product-type.bundle.unit-test";
		};
/* End PBXNativeTarget section */

/* Begin PBXProject section */
		362EBCBD1B643EBD00A1320B /* Project object */ = {
			isa = PBXProject;
			attributes = {
				LastUpgradeCheck = 0640;
				ORGANIZATIONNAME = "Ahmed Khedr";
				TargetAttributes = {
					362EBCC41B643EBD00A1320B = {
						CreatedOnToolsVersion = 6.4;
					};
					362EBCD91B643EBD00A1320B = {
						CreatedOnToolsVersion = 6.4;
						TestTargetID = 362EBCC41B643EBD00A1320B;
					};
				};
			};
			buildConfigurationList = 362EBCC01B643EBD00A1320B /* Build configuration list for PBXProject "Virtual Tourist" */;
			compatibilityVersion = "Xcode 3.2";
			developmentRegion = English;
			hasScannedForEncodings = 0;
			knownRegions = (
				en,
				Base,
			);
			mainGroup = 362EBCBC1B643EBD00A1320B;
			productRefGroup = 362EBCC61B643EBD00A1320B /* Products */;
			projectDirPath = "";
			projectRoot = "";
			targets = (
				362EBCC41B643EBD00A1320B /* Virtual Tourist */,
				362EBCD91B643EBD00A1320B /* Virtual TouristTests */,
			);
		};
/* End PBXProject section */

/* Begin PBXResourcesBuildPhase section */
		362EBCC31B643EBD00A1320B /* Resources */ = {
			isa = PBXResourcesBuildPhase;
			buildActionMask = 2147483647;
			files = (
				362EBCD01B643EBD00A1320B /* Main.storyboard in Resources */,
				362EBCD51B643EBD00A1320B /* LaunchScreen.xib in Resources */,
				362EBCD21B643EBD00A1320B /* Images.xcassets in Resources */,
			);
			runOnlyForDeploymentPostprocessing = 0;
		};
		362EBCD81B643EBD00A1320B /* Resources */ = {
			isa = PBXResourcesBuildPhase;
			buildActionMask = 2147483647;
			files = (
			);
			runOnlyForDeploymentPostprocessing = 0;
		};
/* End PBXResourcesBuildPhase section */

/* Begin PBXSourcesBuildPhase section */
		362EBCC11B643EBD00A1320B /* Sources */ = {
			isa = PBXSourcesBuildPhase;
			buildActionMask = 2147483647;
			files = (
				362EBCCB1B643EBD00A1320B /* AppDelegate.swift in Sources */,
				362EBCED1B66616000A1320B /* TravelLocationsMapView.swift in Sources */,
				362EBCEB1B643EDB00A1320B /* CoreDataStackManager.swift in Sources */,
			);
			runOnlyForDeploymentPostprocessing = 0;
		};
		362EBCD61B643EBD00A1320B /* Sources */ = {
			isa = PBXSourcesBuildPhase;
			buildActionMask = 2147483647;
			files = (
				362EBCE11B643EBD00A1320B /* Virtual_TouristTests.swift in Sources */,
			);
			runOnlyForDeploymentPostprocessing = 0;
		};
/* End PBXSourcesBuildPhase section */

/* Begin PBXTargetDependency section */
		362EBCDC1B643EBD00A1320B /* PBXTargetDependency */ = {
			isa = PBXTargetDependency;
			target = 362EBCC41B643EBD00A1320B /* Virtual Tourist */;
			targetProxy = 362EBCDB1B643EBD00A1320B /* PBXContainerItemProxy */;
		};
/* End PBXTargetDependency section */

/* Begin PBXVariantGroup section */
		362EBCCE1B643EBD00A1320B /* Main.storyboard */ = {
			isa = PBXVariantGroup;
			children = (
				362EBCCF1B643EBD00A1320B /* Base */,
			);
			name = Main.storyboard;
			sourceTree = "<group>";
		};
		362EBCD31B643EBD00A1320B /* LaunchScreen.xib */ = {
			isa = PBXVariantGroup;
			children = (
				362EBCD41B643EBD00A1320B /* Base */,
			);
			name = LaunchScreen.xib;
			sourceTree = "<group>";
		};
/* End PBXVariantGroup section */

/* Begin XCBuildConfiguration section */
		362EBCE21B643EBD00A1320B /* Debug */ = {
			isa = XCBuildConfiguration;
			buildSettings = {
				ALWAYS_SEARCH_USER_PATHS = NO;
				CLANG_CXX_LANGUAGE_STANDARD = "gnu++0x";
				CLANG_CXX_LIBRARY = "libc++";
				CLANG_ENABLE_MODULES = YES;
				CLANG_ENABLE_OBJC_ARC = YES;
				CLANG_WARN_BOOL_CONVERSION = YES;
				CLANG_WARN_CONSTANT_CONVERSION = YES;
				CLANG_WARN_DIRECT_OBJC_ISA_USAGE = YES_ERROR;
				CLANG_WARN_EMPTY_BODY = YES;
				CLANG_WARN_ENUM_CONVERSION = YES;
				CLANG_WARN_INT_CONVERSION = YES;
				CLANG_WARN_OBJC_ROOT_CLASS = YES_ERROR;
				CLANG_WARN_UNREACHABLE_CODE = YES;
				CLANG_WARN__DUPLICATE_METHOD_MATCH = YES;
				"CODE_SIGN_IDENTITY[sdk=iphoneos*]" = "iPhone Developer";
				COPY_PHASE_STRIP = NO;
				DEBUG_INFORMATION_FORMAT = "dwarf-with-dsym";
				ENABLE_STRICT_OBJC_MSGSEND = YES;
				GCC_C_LANGUAGE_STANDARD = gnu99;
				GCC_DYNAMIC_NO_PIC = NO;
				GCC_NO_COMMON_BLOCKS = YES;
				GCC_OPTIMIZATION_LEVEL = 0;
				GCC_PREPROCESSOR_DEFINITIONS = (
					"DEBUG=1",
					"$(inherited)",
				);
				GCC_SYMBOLS_PRIVATE_EXTERN = NO;
				GCC_WARN_64_TO_32_BIT_CONVERSION = YES;
				GCC_WARN_ABOUT_RETURN_TYPE = YES_ERROR;
				GCC_WARN_UNDECLARED_SELECTOR = YES;
				GCC_WARN_UNINITIALIZED_AUTOS = YES_AGGRESSIVE;
				GCC_WARN_UNUSED_FUNCTION = YES;
				GCC_WARN_UNUSED_VARIABLE = YES;
				IPHONEOS_DEPLOYMENT_TARGET = 8.4;
				MTL_ENABLE_DEBUG_INFO = YES;
				ONLY_ACTIVE_ARCH = YES;
				SDKROOT = iphoneos;
				SWIFT_OPTIMIZATION_LEVEL = "-Onone";
				TARGETED_DEVICE_FAMILY = "1,2";
			};
			name = Debug;
		};
		362EBCE31B643EBD00A1320B /* Release */ = {
			isa = XCBuildConfiguration;
			buildSettings = {
				ALWAYS_SEARCH_USER_PATHS = NO;
				CLANG_CXX_LANGUAGE_STANDARD = "gnu++0x";
				CLANG_CXX_LIBRARY = "libc++";
				CLANG_ENABLE_MODULES = YES;
				CLANG_ENABLE_OBJC_ARC = YES;
				CLANG_WARN_BOOL_CONVERSION = YES;
				CLANG_WARN_CONSTANT_CONVERSION = YES;
				CLANG_WARN_DIRECT_OBJC_ISA_USAGE = YES_ERROR;
				CLANG_WARN_EMPTY_BODY = YES;
				CLANG_WARN_ENUM_CONVERSION = YES;
				CLANG_WARN_INT_CONVERSION = YES;
				CLANG_WARN_OBJC_ROOT_CLASS = YES_ERROR;
				CLANG_WARN_UNREACHABLE_CODE = YES;
				CLANG_WARN__DUPLICATE_METHOD_MATCH = YES;
				"CODE_SIGN_IDENTITY[sdk=iphoneos*]" = "iPhone Developer";
				COPY_PHASE_STRIP = NO;
				DEBUG_INFORMATION_FORMAT = "dwarf-with-dsym";
				ENABLE_NS_ASSERTIONS = NO;
				ENABLE_STRICT_OBJC_MSGSEND = YES;
				GCC_C_LANGUAGE_STANDARD = gnu99;
				GCC_NO_COMMON_BLOCKS = YES;
				GCC_WARN_64_TO_32_BIT_CONVERSION = YES;
				GCC_WARN_ABOUT_RETURN_TYPE = YES_ERROR;
				GCC_WARN_UNDECLARED_SELECTOR = YES;
				GCC_WARN_UNINITIALIZED_AUTOS = YES_AGGRESSIVE;
				GCC_WARN_UNUSED_FUNCTION = YES;
				GCC_WARN_UNUSED_VARIABLE = YES;
				IPHONEOS_DEPLOYMENT_TARGET = 8.4;
				MTL_ENABLE_DEBUG_INFO = NO;
				SDKROOT = iphoneos;
				TARGETED_DEVICE_FAMILY = "1,2";
				VALIDATE_PRODUCT = YES;
			};
			name = Release;
		};
		362EBCE51B643EBD00A1320B /* Debug */ = {
			isa = XCBuildConfiguration;
			buildSettings = {
				ASSETCATALOG_COMPILER_APPICON_NAME = AppIcon;
				INFOPLIST_FILE = "Virtual Tourist/Info.plist";
				LD_RUNPATH_SEARCH_PATHS = "$(inherited) @executable_path/Frameworks";
				PRODUCT_NAME = "$(TARGET_NAME)";
			};
			name = Debug;
		};
		362EBCE61B643EBD00A1320B /* Release */ = {
			isa = XCBuildConfiguration;
			buildSettings = {
				ASSETCATALOG_COMPILER_APPICON_NAME = AppIcon;
				INFOPLIST_FILE = "Virtual Tourist/Info.plist";
				LD_RUNPATH_SEARCH_PATHS = "$(inherited) @executable_path/Frameworks";
				PRODUCT_NAME = "$(TARGET_NAME)";
			};
			name = Release;
		};
		362EBCE81B643EBD00A1320B /* Debug */ = {
			isa = XCBuildConfiguration;
			buildSettings = {
				BUNDLE_LOADER = "$(TEST_HOST)";
				FRAMEWORK_SEARCH_PATHS = (
					"$(SDKROOT)/Developer/Library/Frameworks",
					"$(inherited)",
				);
				GCC_PREPROCESSOR_DEFINITIONS = (
					"DEBUG=1",
					"$(inherited)",
				);
				INFOPLIST_FILE = "Virtual TouristTests/Info.plist";
				LD_RUNPATH_SEARCH_PATHS = "$(inherited) @executable_path/Frameworks @loader_path/Frameworks";
				PRODUCT_NAME = "$(TARGET_NAME)";
				TEST_HOST = "$(BUILT_PRODUCTS_DIR)/Virtual Tourist.app/Virtual Tourist";
			};
			name = Debug;
		};
		362EBCE91B643EBD00A1320B /* Release */ = {
			isa = XCBuildConfiguration;
			buildSettings = {
				BUNDLE_LOADER = "$(TEST_HOST)";
				FRAMEWORK_SEARCH_PATHS = (
					"$(SDKROOT)/Developer/Library/Frameworks",
					"$(inherited)",
				);
				INFOPLIST_FILE = "Virtual TouristTests/Info.plist";
				LD_RUNPATH_SEARCH_PATHS = "$(inherited) @executable_path/Frameworks @loader_path/Frameworks";
				PRODUCT_NAME = "$(TARGET_NAME)";
				TEST_HOST = "$(BUILT_PRODUCTS_DIR)/Virtual Tourist.app/Virtual Tourist";
			};
			name = Release;
		};
/* End XCBuildConfiguration section */

/* Begin XCConfigurationList section */
		362EBCC01B643EBD00A1320B /* Build configuration list for PBXProject "Virtual Tourist" */ = {
			isa = XCConfigurationList;
			buildConfigurations = (
				362EBCE21B643EBD00A1320B /* Debug */,
				362EBCE31B643EBD00A1320B /* Release */,
			);
			defaultConfigurationIsVisible = 0;
			defaultConfigurationName = Release;
		};
		362EBCE41B643EBD00A1320B /* Build configuration list for PBXNativeTarget "Virtual Tourist" */ = {
			isa = XCConfigurationList;
			buildConfigurations = (
				362EBCE51B643EBD00A1320B /* Debug */,
				362EBCE61B643EBD00A1320B /* Release */,
			);
			defaultConfigurationIsVisible = 0;
		};
		362EBCE71B643EBD00A1320B /* Build configuration list for PBXNativeTarget "Virtual TouristTests" */ = {
			isa = XCConfigurationList;
			buildConfigurations = (
				362EBCE81B643EBD00A1320B /* Debug */,
				362EBCE91B643EBD00A1320B /* Release */,
			);
			defaultConfigurationIsVisible = 0;
		};
/* End XCConfigurationList section */
	};
	rootObject = 362EBCBD1B643EBD00A1320B /* Project object */;
}
